
Microsoft Visual Studio Solution File, Format Version 12.00
# Visual Studio 15
VisualStudioVersion = 15.0.26228.4
MinimumVisualStudioVersion = 10.0.40219.1
Project("{FAE04EC0-301F-11D3-BF4B-00C04F79EFBC}") = "WebAPI", "WebAPI\WebAPI.csproj", "{1D5F3C7A-6240-4558-8331-4319976B6210}"
EndProject
Project("{FAE04EC0-301F-11D3-BF4B-00C04F79EFBC}") = "WebAPI.Tests", "WebAPI.Tests\WebAPI.Tests.csproj", "{3E51B2C7-C2A6-4F47-AEE2-4380C49F0C5C}"
EndProject
Global
	GlobalSection(SolutionConfigurationPlatforms) = preSolution
		Debug|Any CPU = Debug|Any CPU
		Release|Any CPU = Release|Any CPU
	EndGlobalSection
	GlobalSection(ProjectConfigurationPlatforms) = postSolution
		{1D5F3C7A-6240-4558-8331-4319976B6210}.Debug|Any CPU.ActiveCfg = Debug|Any CPU
		{1D5F3C7A-6240-4558-8331-4319976B6210}.Debug|Any CPU.Build.0 = Debug|Any CPU
		{1D5F3C7A-6240-4558-8331-4319976B6210}.Release|Any CPU.ActiveCfg = Release|Any CPU
		{1D5F3C7A-6240-4558-8331-4319976B6210}.Release|Any CPU.Build.0 = Release|Any CPU
		{3E51B2C7-C2A6-4F47-AEE2-4380C49F0C5C}.Debug|Any CPU.ActiveCfg = Debug|Any CPU
		{3E51B2C7-C2A6-4F47-AEE2-4380C49F0C5C}.Debug|Any CPU.Build.0 = Debug|Any CPU
		{3E51B2C7-C2A6-4F47-AEE2-4380C49F0C5C}.Release|Any CPU.ActiveCfg = Release|Any CPU
		{3E51B2C7-C2A6-4F47-AEE2-4380C49F0C5C}.Release|Any CPU.Build.0 = Release|Any CPU
	EndGlobalSection
	GlobalSection(SolutionProperties) = preSolution
		HideSolutionNode = FALSE
	EndGlobalSection
EndGlobal
